
Microsoft Visual Studio Solution File, Format Version 12.00
# Visual Studio 15
VisualStudioVersion = 15.0.26124.0
MinimumVisualStudioVersion = 15.0.26124.0
Project("{FAE04EC0-301F-11D3-BF4B-00C04F79EFBC}") = "Conductor.WebApi", "Conductor.WebApi\Conductor.WebApi.csproj", "{B797D8B8-288A-4C48-BA1D-1C99CFF91044}"
EndProject
Project("{FAE04EC0-301F-11D3-BF4B-00C04F79EFBC}") = "Conductor.Core", "Conductor.Core\Conductor.Core.csproj", "{740EF9D5-B6A9-4FF5-AA67-005354CA47C2}"
EndProject
Project("{FAE04EC0-301F-11D3-BF4B-00C04F79EFBC}") = "Conductor.Domain", "Conductor.Domain\Conductor.Domain.csproj", "{EB49AC16-0DC6-45BC-8369-252451D086F3}"
EndProject
Project("{FAE04EC0-301F-11D3-BF4B-00C04F79EFBC}") = "Conductor.Data", "Conductor.Data\Conductor.Data.csproj", "{74773815-4FBD-4230-B8A5-A55DF96CB24C}"
EndProject
Global
	GlobalSection(SolutionConfigurationPlatforms) = preSolution
		Debug|Any CPU = Debug|Any CPU
		Debug|x64 = Debug|x64
		Debug|x86 = Debug|x86
		Release|Any CPU = Release|Any CPU
		Release|x64 = Release|x64
		Release|x86 = Release|x86
	EndGlobalSection
	GlobalSection(SolutionProperties) = preSolution
		HideSolutionNode = FALSE
	EndGlobalSection
	GlobalSection(ProjectConfigurationPlatforms) = postSolution
		{B797D8B8-288A-4C48-BA1D-1C99CFF91044}.Debug|Any CPU.ActiveCfg = Debug|Any CPU
		{B797D8B8-288A-4C48-BA1D-1C99CFF91044}.Debug|Any CPU.Build.0 = Debug|Any CPU
		{B797D8B8-288A-4C48-BA1D-1C99CFF91044}.Debug|x64.ActiveCfg = Debug|Any CPU
		{B797D8B8-288A-4C48-BA1D-1C99CFF91044}.Debug|x64.Build.0 = Debug|Any CPU
		{B797D8B8-288A-4C48-BA1D-1C99CFF91044}.Debug|x86.ActiveCfg = Debug|Any CPU
		{B797D8B8-288A-4C48-BA1D-1C99CFF91044}.Debug|x86.Build.0 = Debug|Any CPU
		{B797D8B8-288A-4C48-BA1D-1C99CFF91044}.Release|Any CPU.ActiveCfg = Release|Any CPU
		{B797D8B8-288A-4C48-BA1D-1C99CFF91044}.Release|Any CPU.Build.0 = Release|Any CPU
		{B797D8B8-288A-4C48-BA1D-1C99CFF91044}.Release|x64.ActiveCfg = Release|Any CPU
		{B797D8B8-288A-4C48-BA1D-1C99CFF91044}.Release|x64.Build.0 = Release|Any CPU
		{B797D8B8-288A-4C48-BA1D-1C99CFF91044}.Release|x86.ActiveCfg = Release|Any CPU
		{B797D8B8-288A-4C48-BA1D-1C99CFF91044}.Release|x86.Build.0 = Release|Any CPU
		{740EF9D5-B6A9-4FF5-AA67-005354CA47C2}.Debug|Any CPU.ActiveCfg = Debug|Any CPU
		{740EF9D5-B6A9-4FF5-AA67-005354CA47C2}.Debug|Any CPU.Build.0 = Debug|Any CPU
		{740EF9D5-B6A9-4FF5-AA67-005354CA47C2}.Debug|x64.ActiveCfg = Debug|Any CPU
		{740EF9D5-B6A9-4FF5-AA67-005354CA47C2}.Debug|x64.Build.0 = Debug|Any CPU
		{740EF9D5-B6A9-4FF5-AA67-005354CA47C2}.Debug|x86.ActiveCfg = Debug|Any CPU
		{740EF9D5-B6A9-4FF5-AA67-005354CA47C2}.Debug|x86.Build.0 = Debug|Any CPU
		{740EF9D5-B6A9-4FF5-AA67-005354CA47C2}.Release|Any CPU.ActiveCfg = Release|Any CPU
		{740EF9D5-B6A9-4FF5-AA67-005354CA47C2}.Release|Any CPU.Build.0 = Release|Any CPU
		{740EF9D5-B6A9-4FF5-AA67-005354CA47C2}.Release|x64.ActiveCfg = Release|Any CPU
		{740EF9D5-B6A9-4FF5-AA67-005354CA47C2}.Release|x64.Build.0 = Release|Any CPU
		{740EF9D5-B6A9-4FF5-AA67-005354CA47C2}.Release|x86.ActiveCfg = Release|Any CPU
		{740EF9D5-B6A9-4FF5-AA67-005354CA47C2}.Release|x86.Build.0 = Release|Any CPU
		{EB49AC16-0DC6-45BC-8369-252451D086F3}.Debug|Any CPU.ActiveCfg = Debug|Any CPU
		{EB49AC16-0DC6-45BC-8369-252451D086F3}.Debug|Any CPU.Build.0 = Debug|Any CPU
		{EB49AC16-0DC6-45BC-8369-252451D086F3}.Debug|x64.ActiveCfg = Debug|Any CPU
		{EB49AC16-0DC6-45BC-8369-252451D086F3}.Debug|x64.Build.0 = Debug|Any CPU
		{EB49AC16-0DC6-45BC-8369-252451D086F3}.Debug|x86.ActiveCfg = Debug|Any CPU
		{EB49AC16-0DC6-45BC-8369-252451D086F3}.Debug|x86.Build.0 = Debug|Any CPU
		{EB49AC16-0DC6-45BC-8369-252451D086F3}.Release|Any CPU.ActiveCfg = Release|Any CPU
		{EB49AC16-0DC6-45BC-8369-252451D086F3}.Release|Any CPU.Build.0 = Release|Any CPU
		{EB49AC16-0DC6-45BC-8369-252451D086F3}.Release|x64.ActiveCfg = Release|Any CPU
		{EB49AC16-0DC6-45BC-8369-252451D086F3}.Release|x64.Build.0 = Release|Any CPU
		{EB49AC16-0DC6-45BC-8369-252451D086F3}.Release|x86.ActiveCfg = Release|Any CPU
		{EB49AC16-0DC6-45BC-8369-252451D086F3}.Release|x86.Build.0 = Release|Any CPU
		{74773815-4FBD-4230-B8A5-A55DF96CB24C}.Debug|Any CPU.ActiveCfg = Debug|Any CPU
		{74773815-4FBD-4230-B8A5-A55DF96CB24C}.Debug|Any CPU.Build.0 = Debug|Any CPU
		{74773815-4FBD-4230-B8A5-A55DF96CB24C}.Debug|x64.ActiveCfg = Debug|Any CPU
		{74773815-4FBD-4230-B8A5-A55DF96CB24C}.Debug|x64.Build.0 = Debug|Any CPU
		{74773815-4FBD-4230-B8A5-A55DF96CB24C}.Debug|x86.ActiveCfg = Debug|Any CPU
		{74773815-4FBD-4230-B8A5-A55DF96CB24C}.Debug|x86.Build.0 = Debug|Any CPU
		{74773815-4FBD-4230-B8A5-A55DF96CB24C}.Release|Any CPU.ActiveCfg = Release|Any CPU
		{74773815-4FBD-4230-B8A5-A55DF96CB24C}.Release|Any CPU.Build.0 = Release|Any CPU
		{74773815-4FBD-4230-B8A5-A55DF96CB24C}.Release|x64.ActiveCfg = Release|Any CPU
		{74773815-4FBD-4230-B8A5-A55DF96CB24C}.Release|x64.Build.0 = Release|Any CPU
		{74773815-4FBD-4230-B8A5-A55DF96CB24C}.Release|x86.ActiveCfg = Release|Any CPU
		{74773815-4FBD-4230-B8A5-A55DF96CB24C}.Release|x86.Build.0 = Release|Any CPU
	EndGlobalSection
EndGlobal
